
Microsoft Visual Studio Solution File, Format Version 12.00
# Visual Studio Version 16
VisualStudioVersion = 16.0.31129.286
MinimumVisualStudioVersion = 10.0.40219.1
Project("{8BC9CEB8-8B4A-11D0-8D11-00A0C91BC942}") = "Filestream", "Filestream\Filestream.vcxproj", "{FFDAA64F-1B2A-4187-92A0-AD6FD79E8282}"
EndProject
Global
	GlobalSection(SolutionConfigurationPlatforms) = preSolution
		Debug|x64 = Debug|x64
		Debug|x86 = Debug|x86
		Release|x64 = Release|x64
		Release|x86 = Release|x86
	EndGlobalSection
	GlobalSection(ProjectConfigurationPlatforms) = postSolution
		{FFDAA64F-1B2A-4187-92A0-AD6FD79E8282}.Debug|x64.ActiveCfg = Debug|x64
		{FFDAA64F-1B2A-4187-92A0-AD6FD79E8282}.Debug|x64.Build.0 = Debug|x64
		{FFDAA64F-1B2A-4187-92A0-AD6FD79E8282}.Debug|x86.ActiveCfg = Debug|Win32
		{FFDAA64F-1B2A-4187-92A0-AD6FD79E8282}.Debug|x86.Build.0 = Debug|Win32
		{FFDAA64F-1B2A-4187-92A0-AD6FD79E8282}.Release|x64.ActiveCfg = Release|x64
		{FFDAA64F-1B2A-4187-92A0-AD6FD79E8282}.Release|x64.Build.0 = Release|x64
		{FFDAA64F-1B2A-4187-92A0-AD6FD79E8282}.Release|x86.ActiveCfg = Release|Win32
		{FFDAA64F-1B2A-4187-92A0-AD6FD79E8282}.Release|x86.Build.0 = Release|Win32
	EndGlobalSection
	GlobalSection(SolutionProperties) = preSolution
		HideSolutionNode = FALSE
	EndGlobalSection
	GlobalSection(ExtensibilityGlobals) = postSolution
		SolutionGuid = {328B0439-5519-407A-8F33-DC49AC3A6E1B}
	EndGlobalSection
EndGlobal
